// !$*UTF8*$!
{
	archiveVersion = 1;
	classes = {
	};
	objectVersion = 46;
	objects = {

/* Begin PBXBuildFile section */
		0F152DC11CC6A1C20003A592 /* Background_AppGus.png in Resources */ = {isa = PBXBuildFile; fileRef = 0F152DBE1CC6A1C20003A592 /* Background_AppGus.png */; };
		0F152DC21CC6A1C20003A592 /* Gus_App_frente_v2-1.png in Resources */ = {isa = PBXBuildFile; fileRef = 0F152DBF1CC6A1C20003A592 /* Gus_App_frente_v2-1.png */; };
		0F152DC31CC6A1C20003A592 /* Gus_App_fundo_v2-1.png in Resources */ = {isa = PBXBuildFile; fileRef = 0F152DC01CC6A1C20003A592 /* Gus_App_fundo_v2-1.png */; };
		0F152DCE1CC6A2CE0003A592 /* Aileron-Light.otf in Resources */ = {isa = PBXBuildFile; fileRef = 0F152DCB1CC6A2CE0003A592 /* Aileron-Light.otf */; };
		0F152DCF1CC6A2CE0003A592 /* Aileron-Regular.otf in Resources */ = {isa = PBXBuildFile; fileRef = 0F152DCC1CC6A2CE0003A592 /* Aileron-Regular.otf */; };
		0F152DD01CC6A2CE0003A592 /* Aileron-SemiBold.otf in Resources */ = {isa = PBXBuildFile; fileRef = 0F152DCD1CC6A2CE0003A592 /* Aileron-SemiBold.otf */; };
		0F3DAC1F1CC0781F008B9B6E /* AppDelegate.swift in Sources */ = {isa = PBXBuildFile; fileRef = 0F3DAC1E1CC0781F008B9B6E /* AppDelegate.swift */; };
		0F3DAC211CC0781F008B9B6E /* ViewController.swift in Sources */ = {isa = PBXBuildFile; fileRef = 0F3DAC201CC0781F008B9B6E /* ViewController.swift */; };
		0F3DAC241CC0781F008B9B6E /* Main.storyboard in Resources */ = {isa = PBXBuildFile; fileRef = 0F3DAC221CC0781F008B9B6E /* Main.storyboard */; };
		0F3DAC261CC0781F008B9B6E /* Assets.xcassets in Resources */ = {isa = PBXBuildFile; fileRef = 0F3DAC251CC0781F008B9B6E /* Assets.xcassets */; };
		0F3DAC291CC0781F008B9B6E /* LaunchScreen.storyboard in Resources */ = {isa = PBXBuildFile; fileRef = 0F3DAC271CC0781F008B9B6E /* LaunchScreen.storyboard */; };
		0F3DAC311CC078BC008B9B6E /* Guslider.swift in Sources */ = {isa = PBXBuildFile; fileRef = 0F3DAC301CC078BC008B9B6E /* Guslider.swift */; };
		0FE1CFF91CC15E4100A091AB /* MenuViewController.swift in Sources */ = {isa = PBXBuildFile; fileRef = 0FE1CFF81CC15E4100A091AB /* MenuViewController.swift */; };
/* End PBXBuildFile section */

/* Begin PBXFileReference section */
		0F152DBE1CC6A1C20003A592 /* Background_AppGus.png */ = {isa = PBXFileReference; lastKnownFileType = image.png; name = Background_AppGus.png; path = Images/Background_AppGus.png; sourceTree = "<group>"; };
		0F152DBF1CC6A1C20003A592 /* Gus_App_frente_v2-1.png */ = {isa = PBXFileReference; lastKnownFileType = image.png; name = "Gus_App_frente_v2-1.png"; path = "Images/Gus_App_frente_v2-1.png"; sourceTree = "<group>"; };
		0F152DC01CC6A1C20003A592 /* Gus_App_fundo_v2-1.png */ = {isa = PBXFileReference; lastKnownFileType = image.png; name = "Gus_App_fundo_v2-1.png"; path = "Images/Gus_App_fundo_v2-1.png"; sourceTree = "<group>"; };
		0F152DCB1CC6A2CE0003A592 /* Aileron-Light.otf */ = {isa = PBXFileReference; lastKnownFileType = file; path = "Aileron-Light.otf"; sourceTree = "<group>"; };
		0F152DCC1CC6A2CE0003A592 /* Aileron-Regular.otf */ = {isa = PBXFileReference; lastKnownFileType = file; path = "Aileron-Regular.otf"; sourceTree = "<group>"; };
		0F152DCD1CC6A2CE0003A592 /* Aileron-SemiBold.otf */ = {isa = PBXFileReference; lastKnownFileType = file; path = "Aileron-SemiBold.otf"; sourceTree = "<group>"; };
		0F3DAC1B1CC0781F008B9B6E /* Guslider.app */ = {isa = PBXFileReference; explicitFileType = wrapper.application; includeInIndex = 0; path = Guslider.app; sourceTree = BUILT_PRODUCTS_DIR; };
		0F3DAC1E1CC0781F008B9B6E /* AppDelegate.swift */ = {isa = PBXFileReference; lastKnownFileType = sourcecode.swift; path = AppDelegate.swift; sourceTree = "<group>"; };
		0F3DAC201CC0781F008B9B6E /* ViewController.swift */ = {isa = PBXFileReference; lastKnownFileType = sourcecode.swift; path = ViewController.swift; sourceTree = "<group>"; };
		0F3DAC231CC0781F008B9B6E /* Base */ = {isa = PBXFileReference; lastKnownFileType = file.storyboard; name = Base; path = Base.lproj/Main.storyboard; sourceTree = "<group>"; };
		0F3DAC251CC0781F008B9B6E /* Assets.xcassets */ = {isa = PBXFileReference; lastKnownFileType = folder.assetcatalog; path = Assets.xcassets; sourceTree = "<group>"; };
		0F3DAC281CC0781F008B9B6E /* Base */ = {isa = PBXFileReference; lastKnownFileType = file.storyboard; name = Base; path = Base.lproj/LaunchScreen.storyboard; sourceTree = "<group>"; };
		0F3DAC2A1CC0781F008B9B6E /* Info.plist */ = {isa = PBXFileReference; lastKnownFileType = text.plist.xml; path = Info.plist; sourceTree = "<group>"; };
		0F3DAC301CC078BC008B9B6E /* Guslider.swift */ = {isa = PBXFileReference; fileEncoding = 4; lastKnownFileType = sourcecode.swift; path = Guslider.swift; sourceTree = "<group>"; };
		0FE1CFF81CC15E4100A091AB /* MenuViewController.swift */ = {isa = PBXFileReference; fileEncoding = 4; lastKnownFileType = sourcecode.swift; path = MenuViewController.swift; sourceTree = "<group>"; };
/* End PBXFileReference section */

/* Begin PBXFrameworksBuildPhase section */
		0F3DAC181CC0781F008B9B6E /* Frameworks */ = {
			isa = PBXFrameworksBuildPhase;
			buildActionMask = 2147483647;
			files = (
			);
			runOnlyForDeploymentPostprocessing = 0;
		};
/* End PBXFrameworksBuildPhase section */

/* Begin PBXGroup section */
		0F152DBD1CC6A1C20003A592 /* Images */ = {
			isa = PBXGroup;
			children = (
			);
			path = Images;
			sourceTree = "<group>";
		};
		0F152DCA1CC6A2CE0003A592 /* Fonts */ = {
			isa = PBXGroup;
			children = (
				0F152DCB1CC6A2CE0003A592 /* Aileron-Light.otf */,
				0F152DCC1CC6A2CE0003A592 /* Aileron-Regular.otf */,
				0F152DCD1CC6A2CE0003A592 /* Aileron-SemiBold.otf */,
			);
			path = Fonts;
			sourceTree = "<group>";
		};
		0F3DAC121CC0781F008B9B6E = {
			isa = PBXGroup;
			children = (
				0F3DAC1D1CC0781F008B9B6E /* Guslider */,
				0F3DAC1C1CC0781F008B9B6E /* Products */,
			);
			sourceTree = "<group>";
		};
		0F3DAC1C1CC0781F008B9B6E /* Products */ = {
			isa = PBXGroup;
			children = (
				0F3DAC1B1CC0781F008B9B6E /* Guslider.app */,
			);
			name = Products;
			sourceTree = "<group>";
		};
		0F3DAC1D1CC0781F008B9B6E /* Guslider */ = {
			isa = PBXGroup;
			children = (
				0FE1CFFA1CC1896D00A091AB /* Support */,
				0F3DAC1E1CC0781F008B9B6E /* AppDelegate.swift */,
				0F3DAC201CC0781F008B9B6E /* ViewController.swift */,
				0F3DAC301CC078BC008B9B6E /* Guslider.swift */,
				0FE1CFF81CC15E4100A091AB /* MenuViewController.swift */,
				0F3DAC221CC0781F008B9B6E /* Main.storyboard */,
				0F3DAC251CC0781F008B9B6E /* Assets.xcassets */,
				0F152DBE1CC6A1C20003A592 /* Background_AppGus.png */,
				0F152DBF1CC6A1C20003A592 /* Gus_App_frente_v2-1.png */,
				0F152DC01CC6A1C20003A592 /* Gus_App_fundo_v2-1.png */,
				0F3DAC271CC0781F008B9B6E /* LaunchScreen.storyboard */,
				0F3DAC2A1CC0781F008B9B6E /* Info.plist */,
				0F152DCA1CC6A2CE0003A592 /* Fonts */,
				0F152DBD1CC6A1C20003A592 /* Images */,
			);
			path = Guslider;
			sourceTree = "<group>";
		};
		0FE1CFFA1CC1896D00A091AB /* Support */ = {
			isa = PBXGroup;
			children = (
			);
			name = Support;
			sourceTree = "<group>";
		};
/* End PBXGroup section */

/* Begin PBXNativeTarget section */
		0F3DAC1A1CC0781F008B9B6E /* Guslider */ = {
			isa = PBXNativeTarget;
			buildConfigurationList = 0F3DAC2D1CC0781F008B9B6E /* Build configuration list for PBXNativeTarget "Guslider" */;
			buildPhases = (
				0F3DAC171CC0781F008B9B6E /* Sources */,
				0F3DAC181CC0781F008B9B6E /* Frameworks */,
				0F3DAC191CC0781F008B9B6E /* Resources */,
			);
			buildRules = (
			);
			dependencies = (
			);
			name = Guslider;
			productName = Guslider;
			productReference = 0F3DAC1B1CC0781F008B9B6E /* Guslider.app */;
			productType = "com.apple.product-type.application";
		};
/* End PBXNativeTarget section */

/* Begin PBXProject section */
		0F3DAC131CC0781F008B9B6E /* Project object */ = {
			isa = PBXProject;
			attributes = {
				LastSwiftUpdateCheck = 0730;
				LastUpgradeCheck = 1000;
				ORGANIZATIONNAME = BEPiD;
				TargetAttributes = {
					0F3DAC1A1CC0781F008B9B6E = {
						CreatedOnToolsVersion = 7.3;
					};
				};
			};
			buildConfigurationList = 0F3DAC161CC0781F008B9B6E /* Build configuration list for PBXProject "Guslider" */;
			compatibilityVersion = "Xcode 3.2";
			developmentRegion = English;
			hasScannedForEncodings = 0;
			knownRegions = (
				en,
				Base,
			);
			mainGroup = 0F3DAC121CC0781F008B9B6E;
			productRefGroup = 0F3DAC1C1CC0781F008B9B6E /* Products */;
			projectDirPath = "";
			projectRoot = "";
			targets = (
				0F3DAC1A1CC0781F008B9B6E /* Guslider */,
			);
		};
/* End PBXProject section */

/* Begin PBXResourcesBuildPhase section */
		0F3DAC191CC0781F008B9B6E /* Resources */ = {
			isa = PBXResourcesBuildPhase;
			buildActionMask = 2147483647;
			files = (
				0F152DC31CC6A1C20003A592 /* Gus_App_fundo_v2-1.png in Resources */,
				0F152DC21CC6A1C20003A592 /* Gus_App_frente_v2-1.png in Resources */,
				0F3DAC291CC0781F008B9B6E /* LaunchScreen.storyboard in Resources */,
				0F152DD01CC6A2CE0003A592 /* Aileron-SemiBold.otf in Resources */,
				0F152DCF1CC6A2CE0003A592 /* Aileron-Regular.otf in Resources */,
				0F152DCE1CC6A2CE0003A592 /* Aileron-Light.otf in Resources */,
				0F3DAC261CC0781F008B9B6E /* Assets.xcassets in Resources */,
				0F3DAC241CC0781F008B9B6E /* Main.storyboard in Resources */,
				0F152DC11CC6A1C20003A592 /* Background_AppGus.png in Resources */,
			);
			runOnlyForDeploymentPostprocessing = 0;
		};
/* End PBXResourcesBuildPhase section */

/* Begin PBXSourcesBuildPhase section */
		0F3DAC171CC0781F008B9B6E /* Sources */ = {
			isa = PBXSourcesBuildPhase;
			buildActionMask = 2147483647;
			files = (
				0F3DAC211CC0781F008B9B6E /* ViewController.swift in Sources */,
				0F3DAC1F1CC0781F008B9B6E /* AppDelegate.swift in Sources */,
				0F3DAC311CC078BC008B9B6E /* Guslider.swift in Sources */,
				0FE1CFF91CC15E4100A091AB /* MenuViewController.swift in Sources */,
			);
			runOnlyForDeploymentPostprocessing = 0;
		};
/* End PBXSourcesBuildPhase section */

/* Begin PBXVariantGroup section */
		0F3DAC221CC0781F008B9B6E /* Main.storyboard */ = {
			isa = PBXVariantGroup;
			children = (
				0F3DAC231CC0781F008B9B6E /* Base */,
			);
			name = Main.storyboard;
			sourceTree = "<group>";
		};
		0F3DAC271CC0781F008B9B6E /* LaunchScreen.storyboard */ = {
			isa = PBXVariantGroup;
			children = (
				0F3DAC281CC0781F008B9B6E /* Base */,
			);
			name = LaunchScreen.storyboard;
			sourceTree = "<group>";
		};
/* End PBXVariantGroup section */

/* Begin XCBuildConfiguration section */
		0F3DAC2B1CC0781F008B9B6E /* Debug */ = {
			isa = XCBuildConfiguration;
			buildSettings = {
				ALWAYS_SEARCH_USER_PATHS = NO;
				CLANG_ANALYZER_NONNULL = YES;
				CLANG_CXX_LANGUAGE_STANDARD = "gnu++0x";
				CLANG_CXX_LIBRARY = "libc++";
				CLANG_ENABLE_MODULES = YES;
				CLANG_ENABLE_OBJC_ARC = YES;
				CLANG_WARN_BLOCK_CAPTURE_AUTORELEASING = YES;
				CLANG_WARN_BOOL_CONVERSION = YES;
				CLANG_WARN_COMMA = YES;
				CLANG_WARN_CONSTANT_CONVERSION = YES;
				CLANG_WARN_DEPRECATED_OBJC_IMPLEMENTATIONS = YES;
				CLANG_WARN_DIRECT_OBJC_ISA_USAGE = YES_ERROR;
				CLANG_WARN_EMPTY_BODY = YES;
				CLANG_WARN_ENUM_CONVERSION = YES;
				CLANG_WARN_INFINITE_RECURSION = YES;
				CLANG_WARN_INT_CONVERSION = YES;
				CLANG_WARN_NON_LITERAL_NULL_CONVERSION = YES;
				CLANG_WARN_OBJC_IMPLICIT_RETAIN_SELF = YES;
				CLANG_WARN_OBJC_LITERAL_CONVERSION = YES;
				CLANG_WARN_OBJC_ROOT_CLASS = YES_ERROR;
				CLANG_WARN_RANGE_LOOP_ANALYSIS = YES;
				CLANG_WARN_STRICT_PROTOTYPES = YES;
				CLANG_WARN_SUSPICIOUS_MOVE = YES;
				CLANG_WARN_UNREACHABLE_CODE = YES;
				CLANG_WARN__DUPLICATE_METHOD_MATCH = YES;
				"CODE_SIGN_IDENTITY[sdk=iphoneos*]" = "iPhone Developer";
				COPY_PHASE_STRIP = NO;
				DEBUG_INFORMATION_FORMAT = dwarf;
				ENABLE_STRICT_OBJC_MSGSEND = YES;
				ENABLE_TESTABILITY = YES;
				GCC_C_LANGUAGE_STANDARD = gnu99;
				GCC_DYNAMIC_NO_PIC = NO;
				GCC_NO_COMMON_BLOCKS = YES;
				GCC_OPTIMIZATION_LEVEL = 0;
				GCC_PREPROCESSOR_DEFINITIONS = (
					"DEBUG=1",
					"$(inherited)",
				);
				GCC_WARN_64_TO_32_BIT_CONVERSION = YES;
				GCC_WARN_ABOUT_RETURN_TYPE = YES_ERROR;
				GCC_WARN_UNDECLARED_SELECTOR = YES;
				GCC_WARN_UNINITIALIZED_AUTOS = YES_AGGRESSIVE;
				GCC_WARN_UNUSED_FUNCTION = YES;
				GCC_WARN_UNUSED_VARIABLE = YES;
				IPHONEOS_DEPLOYMENT_TARGET = 9.3;
				MTL_ENABLE_DEBUG_INFO = YES;
				ONLY_ACTIVE_ARCH = YES;
				SDKROOT = iphoneos;
				SWIFT_OPTIMIZATION_LEVEL = "-Onone";
			};
			name = Debug;
		};
		0F3DAC2C1CC0781F008B9B6E /* Release */ = {
			isa = XCBuildConfiguration;
			buildSettings = {
				ALWAYS_SEARCH_USER_PATHS = NO;
				CLANG_ANALYZER_NONNULL = YES;
				CLANG_CXX_LANGUAGE_STANDARD = "gnu++0x";
				CLANG_CXX_LIBRARY = "libc++";
				CLANG_ENABLE_MODULES = YES;
				CLANG_ENABLE_OBJC_ARC = YES;
				CLANG_WARN_BLOCK_CAPTURE_AUTORELEASING = YES;
				CLANG_WARN_BOOL_CONVERSION = YES;
				CLANG_WARN_COMMA = YES;
				CLANG_WARN_CONSTANT_CONVERSION = YES;
				CLANG_WARN_DEPRECATED_OBJC_IMPLEMENTATIONS = YES;
				CLANG_WARN_DIRECT_OBJC_ISA_USAGE = YES_ERROR;
				CLANG_WARN_EMPTY_BODY = YES;
				CLANG_WARN_ENUM_CONVERSION = YES;
				CLANG_WARN_INFINITE_RECURSION = YES;
				CLANG_WARN_INT_CONVERSION = YES;
				CLANG_WARN_NON_LITERAL_NULL_CONVERSION = YES;
				CLANG_WARN_OBJC_IMPLICIT_RETAIN_SELF = YES;
				CLANG_WARN_OBJC_LITERAL_CONVERSION = YES;
				CLANG_WARN_OBJC_ROOT_CLASS = YES_ERROR;
				CLANG_WARN_RANGE_LOOP_ANALYSIS = YES;
				CLANG_WARN_STRICT_PROTOTYPES = YES;
				CLANG_WARN_SUSPICIOUS_MOVE = YES;
				CLANG_WARN_UNREACHABLE_CODE = YES;
				CLANG_WARN__DUPLICATE_METHOD_MATCH = YES;
				"CODE_SIGN_IDENTITY[sdk=iphoneos*]" = "iPhone Developer";
				COPY_PHASE_STRIP = NO;
				DEBUG_INFORMATION_FORMAT = "dwarf-with-dsym";
				ENABLE_NS_ASSERTIONS = NO;
				ENABLE_STRICT_OBJC_MSGSEND = YES;
				GCC_C_LANGUAGE_STANDARD = gnu99;
				GCC_NO_COMMON_BLOCKS = YES;
				GCC_WARN_64_TO_32_BIT_CONVERSION = YES;
				GCC_WARN_ABOUT_RETURN_TYPE = YES_ERROR;
				GCC_WARN_UNDECLARED_SELECTOR = YES;
				GCC_WARN_UNINITIALIZED_AUTOS = YES_AGGRESSIVE;
				GCC_WARN_UNUSED_FUNCTION = YES;
				GCC_WARN_UNUSED_VARIABLE = YES;
				IPHONEOS_DEPLOYMENT_TARGET = 9.3;
				MTL_ENABLE_DEBUG_INFO = NO;
				SDKROOT = iphoneos;
				SWIFT_COMPILATION_MODE = wholemodule;
				VALIDATE_PRODUCT = YES;
			};
			name = Release;
		};
		0F3DAC2E1CC0781F008B9B6E /* Debug */ = {
			isa = XCBuildConfiguration;
			buildSettings = {
				ASSETCATALOG_COMPILER_APPICON_NAME = AppIcon;
				INFOPLIST_FILE = Guslider/Info.plist;
				LD_RUNPATH_SEARCH_PATHS = "$(inherited) @executable_path/Frameworks";
				PRODUCT_BUNDLE_IDENTIFIER = br.com.bepid.Guslider;
				PRODUCT_NAME = "$(TARGET_NAME)";
				SWIFT_VERSION = 4.2;
			};
			name = Debug;
		};
		0F3DAC2F1CC0781F008B9B6E /* Release */ = {
			isa = XCBuildConfiguration;
			buildSettings = {
				ASSETCATALOG_COMPILER_APPICON_NAME = AppIcon;
				INFOPLIST_FILE = Guslider/Info.plist;
				LD_RUNPATH_SEARCH_PATHS = "$(inherited) @executable_path/Frameworks";
				PRODUCT_BUNDLE_IDENTIFIER = br.com.bepid.Guslider;
				PRODUCT_NAME = "$(TARGET_NAME)";
				SWIFT_VERSION = 4.2;
			};
			name = Release;
		};
/* End XCBuildConfiguration section */

/* Begin XCConfigurationList section */
		0F3DAC161CC0781F008B9B6E /* Build configuration list for PBXProject "Guslider" */ = {
			isa = XCConfigurationList;
			buildConfigurations = (
				0F3DAC2B1CC0781F008B9B6E /* Debug */,
				0F3DAC2C1CC0781F008B9B6E /* Release */,
			);
			defaultConfigurationIsVisible = 0;
			defaultConfigurationName = Release;
		};
		0F3DAC2D1CC0781F008B9B6E /* Build configuration list for PBXNativeTarget "Guslider" */ = {
			isa = XCConfigurationList;
			buildConfigurations = (
				0F3DAC2E1CC0781F008B9B6E /* Debug */,
				0F3DAC2F1CC0781F008B9B6E /* Release */,
			);
			defaultConfigurationIsVisible = 0;
			defaultConfigurationName = Release;
		};
/* End XCConfigurationList section */
	};
	rootObject = 0F3DAC131CC0781F008B9B6E /* Project object */;
}
